Microsoft Visual Studio Solution File, Format Version 12.00
# Visual Studio 15
VisualStudioVersion = 15.0.28307.960
MinimumVisualStudioVersion = 10.0.40219.1
Project("{8BC9CEB8-8B4A-11D0-8D11-00A0C91BC942}") = "FrogFish", "FrogFish\FrogFish.vcxproj", "{7EE39245-D64E-43A9-8160-FC20DFE36FCF}"
EndProject
Project("{8BC9CEB8-8B4A-11D0-8D11-00A0C91BC942}") = "AIModuleLoader", "AIModuleLoader\AIModuleLoader.vcxproj", "{2E81042D-3CDC-45E0-9F3C-0AC5F435E126}"
EndProject
Project("{8BC9CEB8-8B4A-11D0-8D11-00A0C91BC942}") = "BWAPIClient", "BWAPIClient\BWAPIClient.vcxproj", "{C99ABF61-6716-4FC0-AA77-9A136EA61680}"
EndProject
Project("{8BC9CEB8-8B4A-11D0-8D11-00A0C91BC942}") = "BWAPILIB", "BWAPILIB\BWAPILIB.vcxproj", "{843656FD-9BFD-47BF-8460-7BFE9710EA2C}"
EndProject
Project("{8BC9CEB8-8B4A-11D0-8D11-00A0C91BC942}") = "DataCollector", "DataCollector\DataCollector.vcxproj", "{335F87DD-5D74-4F3A-BBB9-10F16B3A1015}"
EndProject
Global
	GlobalSection(SolutionConfigurationPlatforms) = preSolution
		Debug|Win32 = Debug|Win32
		Debug|x64 = Debug|x64
		DebugOffline|Win32 = DebugOffline|Win32
		DebugOffline|x64 = DebugOffline|x64
		Release|Win32 = Release|Win32
		Release|x64 = Release|x64
		Release-Log|Win32 = Release-Log|Win32
		Release-Log|x64 = Release-Log|x64
		ReleaseOffline|Win32 = ReleaseOffline|Win32
		ReleaseOffline|x64 = ReleaseOffline|x64
		Test|Win32 = Test|Win32
		Test|x64 = Test|x64
	EndGlobalSection
	GlobalSection(ProjectConfigurationPlatforms) = postSolution
		{7EE39245-D64E-43A9-8160-FC20DFE36FCF}.Debug|Win32.ActiveCfg = Debug|Win32
		{7EE39245-D64E-43A9-8160-FC20DFE36FCF}.Debug|x64.ActiveCfg = Debug|Win32
		{7EE39245-D64E-43A9-8160-FC20DFE36FCF}.DebugOffline|Win32.ActiveCfg = Debug|Win32
		{7EE39245-D64E-43A9-8160-FC20DFE36FCF}.DebugOffline|Win32.Build.0 = Debug|Win32
		{7EE39245-D64E-43A9-8160-FC20DFE36FCF}.DebugOffline|x64.ActiveCfg = Release|Win32
		{7EE39245-D64E-43A9-8160-FC20DFE36FCF}.DebugOffline|x64.Build.0 = Release|Win32
		{7EE39245-D64E-43A9-8160-FC20DFE36FCF}.Release|Win32.ActiveCfg = Release|Win32
		{7EE39245-D64E-43A9-8160-FC20DFE36FCF}.Release|x64.ActiveCfg = Release|Win32
		{7EE39245-D64E-43A9-8160-FC20DFE36FCF}.Release-Log|Win32.ActiveCfg = Release|Win32
		{7EE39245-D64E-43A9-8160-FC20DFE36FCF}.Release-Log|Win32.Build.0 = Release|Win32
		{7EE39245-D64E-43A9-8160-FC20DFE36FCF}.Release-Log|x64.ActiveCfg = Release|Win32
		{7EE39245-D64E-43A9-8160-FC20DFE36FCF}.Release-Log|x64.Build.0 = Release|Win32
		{7EE39245-D64E-43A9-8160-FC20DFE36FCF}.ReleaseOffline|Win32.ActiveCfg = Release|Win32
		{7EE39245-D64E-43A9-8160-FC20DFE36FCF}.ReleaseOffline|Win32.Build.0 = Release|Win32
		{7EE39245-D64E-43A9-8160-FC20DFE36FCF}.ReleaseOffline|x64.ActiveCfg = Release|Win32
		{7EE39245-D64E-43A9-8160-FC20DFE36FCF}.ReleaseOffline|x64.Build.0 = Release|Win32
		{7EE39245-D64E-43A9-8160-FC20DFE36FCF}.Test|Win32.ActiveCfg = Release|Win32
		{7EE39245-D64E-43A9-8160-FC20DFE36FCF}.Test|Win32.Build.0 = Release|Win32
		{7EE39245-D64E-43A9-8160-FC20DFE36FCF}.Test|x64.ActiveCfg = Test|Win32
		{2E81042D-3CDC-45E0-9F3C-0AC5F435E126}.Debug|Win32.ActiveCfg = Debug|Win32
		{2E81042D-3CDC-45E0-9F3C-0AC5F435E126}.Debug|Win32.Build.0 = Debug|Win32
		{2E81042D-3CDC-45E0-9F3C-0AC5F435E126}.Debug|x64.ActiveCfg = Debug|Win32
		{2E81042D-3CDC-45E0-9F3C-0AC5F435E126}.DebugOffline|Win32.ActiveCfg = Debug|Win32
		{2E81042D-3CDC-45E0-9F3C-0AC5F435E126}.DebugOffline|Win32.Build.0 = Debug|Win32
		{2E81042D-3CDC-45E0-9F3C-0AC5F435E126}.DebugOffline|x64.ActiveCfg = Release|Win32
		{2E81042D-3CDC-45E0-9F3C-0AC5F435E126}.DebugOffline|x64.Build.0 = Release|Win32
		{2E81042D-3CDC-45E0-9F3C-0AC5F435E126}.Release|Win32.ActiveCfg = Release|Win32
		{2E81042D-3CDC-45E0-9F3C-0AC5F435E126}.Release|Win32.Build.0 = Release|Win32
		{2E81042D-3CDC-45E0-9F3C-0AC5F435E126}.Release|x64.ActiveCfg = Release|Win32
		{2E81042D-3CDC-45E0-9F3C-0AC5F435E126}.Release-Log|Win32.ActiveCfg = Release|Win32
		{2E81042D-3CDC-45E0-9F3C-0AC5F435E126}.Release-Log|Win32.Build.0 = Release|Win32
		{2E81042D-3CDC-45E0-9F3C-0AC5F435E126}.Release-Log|x64.ActiveCfg = Release|Win32
		{2E81042D-3CDC-45E0-9F3C-0AC5F435E126}.Release-Log|x64.Build.0 = Release|Win32
		{2E81042D-3CDC-45E0-9F3C-0AC5F435E126}.ReleaseOffline|Win32.ActiveCfg = Release|Win32
		{2E81042D-3CDC-45E0-9F3C-0AC5F435E126}.ReleaseOffline|Win32.Build.0 = Release|Win32
		{2E81042D-3CDC-45E0-9F3C-0AC5F435E126}.ReleaseOffline|x64.ActiveCfg = Release|Win32
		{2E81042D-3CDC-45E0-9F3C-0AC5F435E126}.ReleaseOffline|x64.Build.0 = Release|Win32
		{2E81042D-3CDC-45E0-9F3C-0AC5F435E126}.Test|Win32.ActiveCfg = Release|Win32
		{2E81042D-3CDC-45E0-9F3C-0AC5F435E126}.Test|Win32.Build.0 = Release|Win32
		{2E81042D-3CDC-45E0-9F3C-0AC5F435E126}.Test|x64.ActiveCfg = Release|Win32
		{2E81042D-3CDC-45E0-9F3C-0AC5F435E126}.Test|x64.Build.0 = Release|Win32
		{C99ABF61-6716-4FC0-AA77-9A136EA61680}.Debug|Win32.ActiveCfg = Debug|Win32
		{C99ABF61-6716-4FC0-AA77-9A136EA61680}.Debug|Win32.Build.0 = Debug|Win32
		{C99ABF61-6716-4FC0-AA77-9A136EA61680}.Debug|x64.ActiveCfg = Debug|Win32
		{C99ABF61-6716-4FC0-AA77-9A136EA61680}.DebugOffline|Win32.ActiveCfg = Debug|Win32
		{C99ABF61-6716-4FC0-AA77-9A136EA61680}.DebugOffline|Win32.Build.0 = Debug|Win32
		{C99ABF61-6716-4FC0-AA77-9A136EA61680}.DebugOffline|x64.ActiveCfg = Release|Win32
		{C99ABF61-6716-4FC0-AA77-9A136EA61680}.DebugOffline|x64.Build.0 = Release|Win32
		{C99ABF61-6716-4FC0-AA77-9A136EA61680}.Release|Win32.ActiveCfg = Release|Win32
		{C99ABF61-6716-4FC0-AA77-9A136EA61680}.Release|Win32.Build.0 = Release|Win32
		{C99ABF61-6716-4FC0-AA77-9A136EA61680}.Release|x64.ActiveCfg = Release|Win32
		{C99ABF61-6716-4FC0-AA77-9A136EA61680}.Release-Log|Win32.ActiveCfg = Release|Win32
		{C99ABF61-6716-4FC0-AA77-9A136EA61680}.Release-Log|Win32.Build.0 = Release|Win32
		{C99ABF61-6716-4FC0-AA77-9A136EA61680}.Release-Log|x64.ActiveCfg = Release|Win32
		{C99ABF61-6716-4FC0-AA77-9A136EA61680}.Release-Log|x64.Build.0 = Release|Win32
		{C99ABF61-6716-4FC0-AA77-9A136EA61680}.ReleaseOffline|Win32.ActiveCfg = Release|Win32
		{C99ABF61-6716-4FC0-AA77-9A136EA61680}.ReleaseOffline|Win32.Build.0 = Release|Win32
		{C99ABF61-6716-4FC0-AA77-9A136EA61680}.ReleaseOffline|x64.ActiveCfg = Release|Win32
		{C99ABF61-6716-4FC0-AA77-9A136EA61680}.ReleaseOffline|x64.Build.0 = Release|Win32
		{C99ABF61-6716-4FC0-AA77-9A136EA61680}.Test|Win32.ActiveCfg = Release|Win32
		{C99ABF61-6716-4FC0-AA77-9A136EA61680}.Test|Win32.Build.0 = Release|Win32
		{C99ABF61-6716-4FC0-AA77-9A136EA61680}.Test|x64.ActiveCfg = Release|Win32
		{C99ABF61-6716-4FC0-AA77-9A136EA61680}.Test|x64.Build.0 = Release|Win32
		{843656FD-9BFD-47BF-8460-7BFE9710EA2C}.Debug|Win32.ActiveCfg = Debug|Win32
		{843656FD-9BFD-47BF-8460-7BFE9710EA2C}.Debug|Win32.Build.0 = Debug|Win32
		{843656FD-9BFD-47BF-8460-7BFE9710EA2C}.Debug|x64.ActiveCfg = Debug|Win32
		{843656FD-9BFD-47BF-8460-7BFE9710EA2C}.DebugOffline|Win32.ActiveCfg = Debug|Win32
		{843656FD-9BFD-47BF-8460-7BFE9710EA2C}.DebugOffline|Win32.Build.0 = Debug|Win32
		{843656FD-9BFD-47BF-8460-7BFE9710EA2C}.DebugOffline|x64.ActiveCfg = Release|Win32
		{843656FD-9BFD-47BF-8460-7BFE9710EA2C}.DebugOffline|x64.Build.0 = Release|Win32
		{843656FD-9BFD-47BF-8460-7BFE9710EA2C}.Release|Win32.ActiveCfg = Release|Win32
		{843656FD-9BFD-47BF-8460-7BFE9710EA2C}.Release|Win32.Build.0 = Release|Win32
		{843656FD-9BFD-47BF-8460-7BFE9710EA2C}.Release|x64.ActiveCfg = Release|Win32
		{843656FD-9BFD-47BF-8460-7BFE9710EA2C}.Release-Log|Win32.ActiveCfg = Release|Win32
		{843656FD-9BFD-47BF-8460-7BFE9710EA2C}.Release-Log|Win32.Build.0 = Release|Win32
		{843656FD-9BFD-47BF-8460-7BFE9710EA2C}.Release-Log|x64.ActiveCfg = Release|Win32
		{843656FD-9BFD-47BF-8460-7BFE9710EA2C}.Release-Log|x64.Build.0 = Release|Win32
		{843656FD-9BFD-47BF-8460-7BFE9710EA2C}.ReleaseOffline|Win32.ActiveCfg = Release|Win32
		{843656FD-9BFD-47BF-8460-7BFE9710EA2C}.ReleaseOffline|Win32.Build.0 = Release|Win32
		{843656FD-9BFD-47BF-8460-7BFE9710EA2C}.ReleaseOffline|x64.ActiveCfg = Release|Win32
		{843656FD-9BFD-47BF-8460-7BFE9710EA2C}.ReleaseOffline|x64.Build.0 = Release|Win32
		{843656FD-9BFD-47BF-8460-7BFE9710EA2C}.Test|Win32.ActiveCfg = Release|Win32
		{843656FD-9BFD-47BF-8460-7BFE9710EA2C}.Test|Win32.Build.0 = Release|Win32
		{843656FD-9BFD-47BF-8460-7BFE9710EA2C}.Test|x64.ActiveCfg = Release|Win32
		{843656FD-9BFD-47BF-8460-7BFE9710EA2C}.Test|x64.Build.0 = Release|Win32
		{335F87DD-5D74-4F3A-BBB9-10F16B3A1015}.Debug|Win32.ActiveCfg = Debug|Win32
		{335F87DD-5D74-4F3A-BBB9-10F16B3A1015}.Debug|Win32.Build.0 = Debug|Win32
		{335F87DD-5D74-4F3A-BBB9-10F16B3A1015}.Debug|x64.ActiveCfg = Debug|Win32
		{335F87DD-5D74-4F3A-BBB9-10F16B3A1015}.DebugOffline|Win32.ActiveCfg = Debug|Win32
		{335F87DD-5D74-4F3A-BBB9-10F16B3A1015}.DebugOffline|Win32.Build.0 = Debug|Win32
		{335F87DD-5D74-4F3A-BBB9-10F16B3A1015}.DebugOffline|x64.ActiveCfg = Release|Win32
		{335F87DD-5D74-4F3A-BBB9-10F16B3A1015}.DebugOffline|x64.Build.0 = Release|Win32
		{335F87DD-5D74-4F3A-BBB9-10F16B3A1015}.Release|Win32.ActiveCfg = Release|Win32
		{335F87DD-5D74-4F3A-BBB9-10F16B3A1015}.Release|Win32.Build.0 = Release|Win32
		{335F87DD-5D74-4F3A-BBB9-10F16B3A1015}.Release|x64.ActiveCfg = Release|Win32
		{335F87DD-5D74-4F3A-BBB9-10F16B3A1015}.Release-Log|Win32.ActiveCfg = Release|Win32
		{335F87DD-5D74-4F3A-BBB9-10F16B3A1015}.Release-Log|Win32.Build.0 = Release|Win32
		{335F87DD-5D74-4F3A-BBB9-10F16B3A1015}.Release-Log|x64.ActiveCfg = Release|Win32
		{335F87DD-5D74-4F3A-BBB9-10F16B3A1015}.Release-Log|x64.Build.0 = Release|Win32
		{335F87DD-5D74-4F3A-BBB9-10F16B3A1015}.ReleaseOffline|Win32.ActiveCfg = Release|Win32
		{335F87DD-5D74-4F3A-BBB9-10F16B3A1015}.ReleaseOffline|Win32.Build.0 = Release|Win32
		{335F87DD-5D74-4F3A-BBB9-10F16B3A1015}.ReleaseOffline|x64.ActiveCfg = Release|Win32
		{335F87DD-5D74-4F3A-BBB9-10F16B3A1015}.ReleaseOffline|x64.Build.0 = Release|Win32
		{335F87DD-5D74-4F3A-BBB9-10F16B3A1015}.Test|Win32.ActiveCfg = Release|Win32
		{335F87DD-5D74-4F3A-BBB9-10F16B3A1015}.Test|Win32.Build.0 = Release|Win32
		{335F87DD-5D74-4F3A-BBB9-10F16B3A1015}.Test|x64.ActiveCfg = Release|Win32
		{335F87DD-5D74-4F3A-BBB9-10F16B3A1015}.Test|x64.Build.0 = Release|Win32
	EndGlobalSection
	GlobalSection(SolutionProperties) = preSolution
		HideSolutionNode = FALSE
	EndGlobalSection
	GlobalSection(ExtensibilityGlobals) = postSolution
		SolutionGuid = {EAE5753B-9456-4EF5-AAAA-F3AAF2130862}
	EndGlobalSection
EndGlobal
