<?xml version="1.0" encoding="utf-8"?>
<Project ToolsVersion="4.0" xmlns="http://schemas.microsoft.com/developer/msbuild/2003">
  <ItemGroup>
    <ClCompile Include="Source\Dll.cpp" />
    <ClCompile Include="Source\FrogFish.cpp" />
    <ClCompile Include="..\include\BWEM\area.cpp">
      <Filter>BWEM</Filter>
    </ClCompile>
    <ClCompile Include="..\include\BWEM\base.cpp">
      <Filter>BWEM</Filter>
    </ClCompile>
    <ClCompile Include="..\include\BWEM\bwapiExt.cpp">
      <Filter>BWEM</Filter>
    </ClCompile>
    <ClCompile Include="..\include\BWEM\bwem.cpp">
      <Filter>BWEM</Filter>
    </ClCompile>
    <ClCompile Include="..\include\BWEM\cp.cpp">
      <Filter>BWEM</Filter>
    </ClCompile>
    <ClCompile Include="..\include\BWEM\examples.cpp">
      <Filter>BWEM</Filter>
    </ClCompile>
    <ClCompile Include="..\include\BWEM\exampleWall.cpp">
      <Filter>BWEM</Filter>
    </ClCompile>
    <ClCompile Include="..\include\BWEM\graph.cpp">
      <Filter>BWEM</Filter>
    </ClCompile>
    <ClCompile Include="..\include\BWEM\gridMap.cpp">
      <Filter>BWEM</Filter>
    </ClCompile>
    <ClCompile Include="..\include\BWEM\map.cpp">
      <Filter>BWEM</Filter>
    </ClCompile>
    <ClCompile Include="..\include\BWEM\mapDrawer.cpp">
      <Filter>BWEM</Filter>
    </ClCompile>
    <ClCompile Include="..\include\BWEM\mapImpl.cpp">
      <Filter>BWEM</Filter>
    </ClCompile>
    <ClCompile Include="..\include\BWEM\mapPrinter.cpp">
      <Filter>BWEM</Filter>
    </ClCompile>
    <ClCompile Include="..\include\BWEM\neutral.cpp">
      <Filter>BWEM</Filter>
    </ClCompile>
    <ClCompile Include="..\include\BWEM\tiles.cpp">
      <Filter>BWEM</Filter>
    </ClCompile>
    <ClCompile Include="..\include\BWEM\utils.cpp">
      <Filter>BWEM</Filter>
    </ClCompile>
    <ClCompile Include="..\include\BWEM\winutils.cpp">
      <Filter>BWEM</Filter>
    </ClCompile>
    <ClCompile Include="Source\control\WorkerControl.cpp" />
    <ClCompile Include="Source\utility\DebugDraw.cpp" />
    <ClCompile Include="Source\production\BuildGraph.cpp" />
    <ClCompile Include="Source\production\BuildPlacement.cpp" />
    <ClCompile Include="Source\unitdata\BaseAssets.cpp" />
    <ClCompile Include="Source\unitdata\BaseOwnership.cpp" />
    <ClCompile Include="Source\production\ProductionCoordinator.cpp" />
    <ClCompile Include="Source\production\UnitMaker.cpp" />
    <ClCompile Include="Source\production\ConstructionManager.cpp" />
    <ClCompile Include="Source\utility\BWTimer.cpp" />
    <ClCompile Include="Source\production\EconTracker.cpp" />
    <ClCompile Include="Source\utility\FrogMath.cpp" />
    <ClCompile Include="Source\production\ConstructionStorage.cpp" />
    <ClCompile Include="Source\pathing\PathFinding.cpp" />
    <ClCompile Include="Source\production\MakeQueue.cpp" />
    <ClCompile Include="Source\production\BuildOrder.cpp" />
  </ItemGroup>
  <ItemGroup>
    <ClInclude Include="..\include\BWEM\area.h">
      <Filter>BWEM</Filter>
    </ClInclude>
    <ClInclude Include="..\include\BWEM\base.h">
      <Filter>BWEM</Filter>
    </ClInclude>
    <ClInclude Include="..\include\BWEM\bwapiExt.h">
      <Filter>BWEM</Filter>
    </ClInclude>
    <ClInclude Include="..\include\BWEM\bwem.h">
      <Filter>BWEM</Filter>
    </ClInclude>
    <ClInclude Include="..\include\BWEM\cp.h">
      <Filter>BWEM</Filter>
    </ClInclude>
    <ClInclude Include="..\include\BWEM\defs.h">
      <Filter>BWEM</Filter>
    </ClInclude>
    <ClInclude Include="..\include\BWEM\examples.h">
      <Filter>BWEM</Filter>
    </ClInclude>
    <ClInclude Include="..\include\BWEM\exampleWall.h">
      <Filter>BWEM</Filter>
    </ClInclude>
    <ClInclude Include="..\include\BWEM\graph.h">
      <Filter>BWEM</Filter>
    </ClInclude>
    <ClInclude Include="..\include\BWEM\gridMap.h">
      <Filter>BWEM</Filter>
    </ClInclude>
    <ClInclude Include="..\include\BWEM\map.h">
      <Filter>BWEM</Filter>
    </ClInclude>
    <ClInclude Include="..\include\BWEM\mapDrawer.h">
      <Filter>BWEM</Filter>
    </ClInclude>
    <ClInclude Include="..\include\BWEM\mapImpl.h">
      <Filter>BWEM</Filter>
    </ClInclude>
    <ClInclude Include="..\include\BWEM\mapPrinter.h">
      <Filter>BWEM</Filter>
    </ClInclude>
    <ClInclude Include="..\include\BWEM\neutral.h">
      <Filter>BWEM</Filter>
    </ClInclude>
    <ClInclude Include="..\include\BWEM\tiles.h">
      <Filter>BWEM</Filter>
    </ClInclude>
    <ClInclude Include="..\include\BWEM\utils.h">
      <Filter>BWEM</Filter>
    </ClInclude>
    <ClInclude Include="..\include\BWEM\winutils.h">
      <Filter>BWEM</Filter>
    </ClInclude>
    <ClInclude Include="Source\control\WorkerControl.h">
      <Filter>headers</Filter>
    </ClInclude>
    <ClInclude Include="Source\production\BuildGraph.h">
      <Filter>headers</Filter>
    </ClInclude>
    <ClInclude Include="Source\production\BuildPlacement.h">
      <Filter>headers</Filter>
    </ClInclude>
    <ClInclude Include="Source\production\EconTracker.h">
      <Filter>headers</Filter>
    </ClInclude>
    <ClInclude Include="Source\production\MakeQueue.h">
      <Filter>headers</Filter>
    </ClInclude>
    <ClInclude Include="Source\production\MorphQueue.h">
      <Filter>headers</Filter>
    </ClInclude>
    <ClInclude Include="Source\production\ProductionCoordinator.h">
      <Filter>headers</Filter>
    </ClInclude>
    <ClInclude Include="Source\unitdata\BaseAssets.h">
      <Filter>headers</Filter>
    </ClInclude>
    <ClInclude Include="Source\unitdata\BaseOwnership.h">
      <Filter>headers</Filter>
    </ClInclude>
    <ClInclude Include="Source\unitdata\BaseStorage.h">
      <Filter>headers</Filter>
    </ClInclude>
    <ClInclude Include="Source\unitdata\BWEMBaseArray.h">
      <Filter>headers</Filter>
    </ClInclude>
    <ClInclude Include="Source\unitdata\EnemyBase.h">
      <Filter>headers</Filter>
    </ClInclude>
    <ClInclude Include="Source\unitdata\EnemyUnit.h">
      <Filter>headers</Filter>
    </ClInclude>
    <ClInclude Include="Source\unitdata\FrogBase.h">
      <Filter>headers</Filter>
    </ClInclude>
    <ClInclude Include="Source\unitdata\FrogUnit.h">
      <Filter>headers</Filter>
    </ClInclude>
    <ClInclude Include="Source\unitdata\UnitStorage.h">
      <Filter>headers</Filter>
    </ClInclude>
    <ClInclude Include="Source\utility\BWTimer.h">
      <Filter>headers</Filter>
    </ClInclude>
    <ClInclude Include="Source\utility\DebugDraw.h">
      <Filter>headers</Filter>
    </ClInclude>
    <ClInclude Include="Source\production\UnitMaker.h">
      <Filter>headers</Filter>
    </ClInclude>
    <ClInclude Include="Source\production\ConstructionManager.h">
      <Filter>headers</Filter>
    </ClInclude>
    <ClInclude Include="Source\production\BuildOrder.h">
      <Filter>headers</Filter>
    </ClInclude>
    <ClInclude Include="Source\utility\FrogMath.h">
      <Filter>headers</Filter>
    </ClInclude>
    <ClInclude Include="Source\production\ConstructionStorage.h">
      <Filter>headers</Filter>
    </ClInclude>
    <ClInclude Include="Source\pathing\PathFinding.h">
      <Filter>headers</Filter>
    </ClInclude>
    <ClInclude Include="Source\FrogFish.h">
      <Filter>headers</Filter>
    </ClInclude>
  </ItemGroup>
  <ItemGroup>
    <Filter Include="BWEM">
      <UniqueIdentifier>{3536c0cc-a733-41a5-928b-0811971a180e}</UniqueIdentifier>
    </Filter>
    <Filter Include="headers">
      <UniqueIdentifier>{af541815-0e90-4165-b794-6a9fa4f090f5}</UniqueIdentifier>
    </Filter>
  </ItemGroup>
</Project>